
Microsoft Visual Studio Solution File, Format Version 12.00
# Visual Studio Version 17
VisualStudioVersion = 17.6.33723.286
MinimumVisualStudioVersion = 10.0.40219.1
Project("{FAE04EC0-301F-11D3-BF4B-00C04F79EFBC}") = "Horspool", "Horspool\Horspool.csproj", "{580F1B5B-BAEF-4CC5-BC84-710D1902168A}"
EndProject
Global
	GlobalSection(SolutionConfigurationPlatforms) = preSolution
		Debug|Any CPU = Debug|Any CPU
		Release|Any CPU = Release|Any CPU
	EndGlobalSection
	GlobalSection(ProjectConfigurationPlatforms) = postSolution
		{580F1B5B-BAEF-4CC5-BC84-710D1902168A}.Debug|Any CPU.ActiveCfg = Debug|Any CPU
		{580F1B5B-BAEF-4CC5-BC84-710D1902168A}.Debug|Any CPU.Build.0 = Debug|Any CPU
		{580F1B5B-BAEF-4CC5-BC84-710D1902168A}.Release|Any CPU.ActiveCfg = Release|Any CPU
		{580F1B5B-BAEF-4CC5-BC84-710D1902168A}.Release|Any CPU.Build.0 = Release|Any CPU
	EndGlobalSection
	GlobalSection(SolutionProperties) = preSolution
		HideSolutionNode = FALSE
	EndGlobalSection
	GlobalSection(ExtensibilityGlobals) = postSolution
		SolutionGuid = {A7B1CE9D-89FC-4D04-A7DC-D1EC08B30DB6}
	EndGlobalSection
EndGlobal
